PODS:
  - Surge (0.3.0)

DEPENDENCIES:
  - Surge (from `https://github.com/aleph7/Surge.git`)

EXTERNAL SOURCES:
  Surge:
    :git: https://github.com/aleph7/Surge.git

CHECKOUT OPTIONS:
  Surge:
    :commit: 3526d025034302d3a3be3c7c31d4734cc4649d9a
    :git: https://github.com/aleph7/Surge.git

SPEC CHECKSUMS:
  Surge: 7a6e960aed366e89112f1c21e2020f3ea5e7316d

COCOAPODS: 0.39.0
