PODS:
  - Upsurge (0.4.1)

DEPENDENCIES:
  - Upsurge (from `https://github.com/aleph7/Upsurge.git`, branch `master`)

EXTERNAL SOURCES:
  Upsurge:
    :branch: master
    :git: https://github.com/aleph7/Upsurge.git

CHECKOUT OPTIONS:
  Upsurge:
    :commit: 62dd86508308f6187adc0d2dca02dc7b4323f87a
    :git: https://github.com/aleph7/Upsurge.git

SPEC CHECKSUMS:
  Upsurge: fa5a7f52fad29b474383adbc110faa648c888086

COCOAPODS: 0.39.0
