// !$*UTF8*$!
{
	archiveVersion = 1;
	classes = {
	};
	objectVersion = 46;
	objects = {

/* Begin PBXBuildFile section */
		610AAB8B1BDAF766008CC910 /* InnerProductLayerTests.swift in Sources */ = {isa = PBXBuildFile; fileRef = 610AAB8A1BDAF766008CC910 /* InnerProductLayerTests.swift */; };
		610AAB8C1BDAF766008CC910 /* InnerProductLayerTests.swift in Sources */ = {isa = PBXBuildFile; fileRef = 610AAB8A1BDAF766008CC910 /* InnerProductLayerTests.swift */; };
		610AAB8E1BDAF776008CC910 /* ReLULayerTests.swift in Sources */ = {isa = PBXBuildFile; fileRef = 610AAB8D1BDAF776008CC910 /* ReLULayerTests.swift */; };
		610AAB8F1BDAF776008CC910 /* ReLULayerTests.swift in Sources */ = {isa = PBXBuildFile; fileRef = 610AAB8D1BDAF776008CC910 /* ReLULayerTests.swift */; };
		6119AC2A1C6041D20020E0E6 /* Utilities.swift in Sources */ = {isa = PBXBuildFile; fileRef = 6119AC291C6041D20020E0E6 /* Utilities.swift */; };
		6119AC2B1C6041D20020E0E6 /* Utilities.swift in Sources */ = {isa = PBXBuildFile; fileRef = 6119AC291C6041D20020E0E6 /* Utilities.swift */; };
		6119AC2D1C61266B0020E0E6 /* MetalTestCase.swift in Sources */ = {isa = PBXBuildFile; fileRef = 6119AC2C1C61266B0020E0E6 /* MetalTestCase.swift */; };
		6119AC2E1C61266B0020E0E6 /* MetalTestCase.swift in Sources */ = {isa = PBXBuildFile; fileRef = 6119AC2C1C61266B0020E0E6 /* MetalTestCase.swift */; };
		6119AC301C6139900020E0E6 /* LSTMLayer.swift in Sources */ = {isa = PBXBuildFile; fileRef = 6119AC2F1C6139900020E0E6 /* LSTMLayer.swift */; };
		6119AC311C6139900020E0E6 /* LSTMLayer.swift in Sources */ = {isa = PBXBuildFile; fileRef = 6119AC2F1C6139900020E0E6 /* LSTMLayer.swift */; };
		6119AC331C61486D0020E0E6 /* LSTM.metal in Sources */ = {isa = PBXBuildFile; fileRef = 6119AC321C61486D0020E0E6 /* LSTM.metal */; };
		6119AC341C61486D0020E0E6 /* LSTM.metal in Sources */ = {isa = PBXBuildFile; fileRef = 6119AC321C61486D0020E0E6 /* LSTM.metal */; };
		6119AC351C61486D0020E0E6 /* LSTM.metal in Sources */ = {isa = PBXBuildFile; fileRef = 6119AC321C61486D0020E0E6 /* LSTM.metal */; };
		6119AC361C61486D0020E0E6 /* LSTM.metal in Sources */ = {isa = PBXBuildFile; fileRef = 6119AC321C61486D0020E0E6 /* LSTM.metal */; };
		6119AC381C616F4F0020E0E6 /* LSTMLayerTests.swift in Sources */ = {isa = PBXBuildFile; fileRef = 6119AC371C616F4F0020E0E6 /* LSTMLayerTests.swift */; };
		6119AC391C616F4F0020E0E6 /* LSTMLayerTests.swift in Sources */ = {isa = PBXBuildFile; fileRef = 6119AC371C616F4F0020E0E6 /* LSTMLayerTests.swift */; };
		612CE8C21CA9AF2700C260EC /* NetBuffer.swift in Sources */ = {isa = PBXBuildFile; fileRef = 6141B1A91C6BFEBE0074BD8C /* NetBuffer.swift */; };
		612CE8C31CA9AF2C00C260EC /* NetNode.swift in Sources */ = {isa = PBXBuildFile; fileRef = 6141B1AA1C6BFEBE0074BD8C /* NetNode.swift */; };
		612CE8C41CA9AF2E00C260EC /* Runner.swift in Sources */ = {isa = PBXBuildFile; fileRef = 6141B1AB1C6BFEBE0074BD8C /* Runner.swift */; };
		612CE8C51CA9AF3100C260EC /* RunnerInstance.swift in Sources */ = {isa = PBXBuildFile; fileRef = 6141B1AC1C6BFEBE0074BD8C /* RunnerInstance.swift */; };
		614198001C5FEFB700FB6770 /* InnerProduct.metal in Sources */ = {isa = PBXBuildFile; fileRef = 614197FF1C5FEFB700FB6770 /* InnerProduct.metal */; };
		614198011C5FEFB700FB6770 /* InnerProduct.metal in Sources */ = {isa = PBXBuildFile; fileRef = 614197FF1C5FEFB700FB6770 /* InnerProduct.metal */; };
		614198021C600BA600FB6770 /* ReLU.metal in Sources */ = {isa = PBXBuildFile; fileRef = 615C96251C5BF91500A1CFD4 /* ReLU.metal */; };
		614198031C600BA800FB6770 /* InnerProduct.metal in Sources */ = {isa = PBXBuildFile; fileRef = 614197FF1C5FEFB700FB6770 /* InnerProduct.metal */; };
		614198041C600BA900FB6770 /* InnerProduct.metal in Sources */ = {isa = PBXBuildFile; fileRef = 614197FF1C5FEFB700FB6770 /* InnerProduct.metal */; };
		6141B1AD1C6BFEBE0074BD8C /* NetBuffer.swift in Sources */ = {isa = PBXBuildFile; fileRef = 6141B1A91C6BFEBE0074BD8C /* NetBuffer.swift */; };
		6141B1AE1C6BFEBE0074BD8C /* NetNode.swift in Sources */ = {isa = PBXBuildFile; fileRef = 6141B1AA1C6BFEBE0074BD8C /* NetNode.swift */; };
		6141B1AF1C6BFEBE0074BD8C /* Runner.swift in Sources */ = {isa = PBXBuildFile; fileRef = 6141B1AB1C6BFEBE0074BD8C /* Runner.swift */; };
		6141B1B01C6BFEBE0074BD8C /* RunnerInstance.swift in Sources */ = {isa = PBXBuildFile; fileRef = 6141B1AC1C6BFEBE0074BD8C /* RunnerInstance.swift */; };
		6159F86A1BD1F55D0010F83C /* BrainCore.framework in Frameworks */ = {isa = PBXBuildFile; fileRef = 6159F85F1BD1F55D0010F83C /* BrainCore.framework */; };
		6159F8881BD1F59F0010F83C /* BrainCore.framework in Frameworks */ = {isa = PBXBuildFile; fileRef = 6159F87E1BD1F59F0010F83C /* BrainCore.framework */; };
		6159F8A21BD1F5CE0010F83C /* BrainCore.h in Headers */ = {isa = PBXBuildFile; fileRef = 6159F8971BD1F5CE0010F83C /* BrainCore.h */; settings = {ATTRIBUTES = (Public, ); }; };
		6159F8A31BD1F5CE0010F83C /* InnerProductLayer.swift in Sources */ = {isa = PBXBuildFile; fileRef = 6159F8991BD1F5CE0010F83C /* InnerProductLayer.swift */; };
		6159F8A41BD1F5CE0010F83C /* Layer.swift in Sources */ = {isa = PBXBuildFile; fileRef = 6159F89A1BD1F5CE0010F83C /* Layer.swift */; };
		6159F8A51BD1F5CE0010F83C /* ReLULayer.swift in Sources */ = {isa = PBXBuildFile; fileRef = 6159F89B1BD1F5CE0010F83C /* ReLULayer.swift */; };
		6159F8A61BD1F5CE0010F83C /* Net.swift in Sources */ = {isa = PBXBuildFile; fileRef = 6159F89C1BD1F5CE0010F83C /* Net.swift */; };
		6159F8AB1BD1F5DB0010F83C /* BrainCore.h in Headers */ = {isa = PBXBuildFile; fileRef = 6159F8971BD1F5CE0010F83C /* BrainCore.h */; settings = {ATTRIBUTES = (Public, ); }; };
		6159F8AC1BD1F5E60010F83C /* Net.swift in Sources */ = {isa = PBXBuildFile; fileRef = 6159F89C1BD1F5CE0010F83C /* Net.swift */; };
		6159F8AD1BD1F5EB0010F83C /* InnerProductLayer.swift in Sources */ = {isa = PBXBuildFile; fileRef = 6159F8991BD1F5CE0010F83C /* InnerProductLayer.swift */; };
		6159F8AE1BD1F5EB0010F83C /* Layer.swift in Sources */ = {isa = PBXBuildFile; fileRef = 6159F89A1BD1F5CE0010F83C /* Layer.swift */; };
		6159F8AF1BD1F5EB0010F83C /* ReLULayer.swift in Sources */ = {isa = PBXBuildFile; fileRef = 6159F89B1BD1F5CE0010F83C /* ReLULayer.swift */; };
		6159F8B11BD1F73D0010F83C /* NetTests.swift in Sources */ = {isa = PBXBuildFile; fileRef = 6159F89F1BD1F5CE0010F83C /* NetTests.swift */; };
		6159F8B21BD1F73E0010F83C /* NetTests.swift in Sources */ = {isa = PBXBuildFile; fileRef = 6159F89F1BD1F5CE0010F83C /* NetTests.swift */; };
		615C96261C5BF91500A1CFD4 /* ReLU.metal in Sources */ = {isa = PBXBuildFile; fileRef = 615C96251C5BF91500A1CFD4 /* ReLU.metal */; };
		615C96271C5BF91500A1CFD4 /* ReLU.metal in Sources */ = {isa = PBXBuildFile; fileRef = 615C96251C5BF91500A1CFD4 /* ReLU.metal */; };
		615C96281C5C1C6F00A1CFD4 /* ReLU.metal in Sources */ = {isa = PBXBuildFile; fileRef = 615C96251C5BF91500A1CFD4 /* ReLU.metal */; };
		61CE4BCB1BED6F7F000E0D34 /* Upsurge.framework in Frameworks */ = {isa = PBXBuildFile; fileRef = 61CE4BC51BED6F7F000E0D34 /* Upsurge.framework */; };
		61CE4BCE1BED6F90000E0D34 /* Upsurge.framework in Frameworks */ = {isa = PBXBuildFile; fileRef = 61CE4BC21BED6F7F000E0D34 /* Upsurge.framework */; };
		61CE4BCF1BED703B000E0D34 /* Upsurge.framework in Frameworks */ = {isa = PBXBuildFile; fileRef = 61CE4BC21BED6F7F000E0D34 /* Upsurge.framework */; };
		61CE4BD01BED703F000E0D34 /* Upsurge.framework in Frameworks */ = {isa = PBXBuildFile; fileRef = 61CE4BC51BED6F7F000E0D34 /* Upsurge.framework */; };
		8C2A22341CB58E05008291E2 /* TransposeLayer.swift in Sources */ = {isa = PBXBuildFile; fileRef = 8C2A22331CB58E05008291E2 /* TransposeLayer.swift */; };
		8C2A22351CB58E05008291E2 /* TransposeLayer.swift in Sources */ = {isa = PBXBuildFile; fileRef = 8C2A22331CB58E05008291E2 /* TransposeLayer.swift */; };
		8C2A22371CB58E14008291E2 /* Transpose.metal in Sources */ = {isa = PBXBuildFile; fileRef = 8C2A22361CB58E14008291E2 /* Transpose.metal */; };
		8C2A22381CB58E14008291E2 /* Transpose.metal in Sources */ = {isa = PBXBuildFile; fileRef = 8C2A22361CB58E14008291E2 /* Transpose.metal */; };
		8C2A22391CB58E14008291E2 /* Transpose.metal in Sources */ = {isa = PBXBuildFile; fileRef = 8C2A22361CB58E14008291E2 /* Transpose.metal */; };
		8C2A223A1CB58E14008291E2 /* Transpose.metal in Sources */ = {isa = PBXBuildFile; fileRef = 8C2A22361CB58E14008291E2 /* Transpose.metal */; };
		8C2A223C1CB58E22008291E2 /* TransposeLayerTests.swift in Sources */ = {isa = PBXBuildFile; fileRef = 8C2A223B1CB58E22008291E2 /* TransposeLayerTests.swift */; };
		8C2A223D1CB58E22008291E2 /* TransposeLayerTests.swift in Sources */ = {isa = PBXBuildFile; fileRef = 8C2A223B1CB58E22008291E2 /* TransposeLayerTests.swift */; };
		8C378A7B1CA3406300D1B153 /* Utilities.h in Headers */ = {isa = PBXBuildFile; fileRef = 8C378A7A1CA3406300D1B153 /* Utilities.h */; };
		8C378A7C1CA3406300D1B153 /* Utilities.h in Headers */ = {isa = PBXBuildFile; fileRef = 8C378A7A1CA3406300D1B153 /* Utilities.h */; };
		8CB932EC1CB42F5F00C4D6BE /* L2LossLayer.swift in Sources */ = {isa = PBXBuildFile; fileRef = 8CB932EB1CB42F5F00C4D6BE /* L2LossLayer.swift */; };
		8CB932ED1CB42F6400C4D6BE /* L2LossLayer.swift in Sources */ = {isa = PBXBuildFile; fileRef = 8CB932EB1CB42F5F00C4D6BE /* L2LossLayer.swift */; };
		8CB932EF1CB42F6B00C4D6BE /* L2Loss.metal in Sources */ = {isa = PBXBuildFile; fileRef = 8CB932EE1CB42F6B00C4D6BE /* L2Loss.metal */; };
		8CB932F01CB42F6F00C4D6BE /* L2Loss.metal in Sources */ = {isa = PBXBuildFile; fileRef = 8CB932EE1CB42F6B00C4D6BE /* L2Loss.metal */; };
		8CB932F11CB42F7000C4D6BE /* L2Loss.metal in Sources */ = {isa = PBXBuildFile; fileRef = 8CB932EE1CB42F6B00C4D6BE /* L2Loss.metal */; };
		8CB932F21CB42F7100C4D6BE /* L2Loss.metal in Sources */ = {isa = PBXBuildFile; fileRef = 8CB932EE1CB42F6B00C4D6BE /* L2Loss.metal */; };
		8CB932F51CB42F8400C4D6BE /* L2LossLayerTests.swift in Sources */ = {isa = PBXBuildFile; fileRef = 8CB932F31CB42F8100C4D6BE /* L2LossLayerTests.swift */; };
		8CB932F61CB42F8500C4D6BE /* L2LossLayerTests.swift in Sources */ = {isa = PBXBuildFile; fileRef = 8CB932F31CB42F8100C4D6BE /* L2LossLayerTests.swift */; };
		8CB933061CB43DE100C4D6BE /* SigmoidLayer.swift in Sources */ = {isa = PBXBuildFile; fileRef = 8CB933051CB43DE100C4D6BE /* SigmoidLayer.swift */; };
		8CB933081CB43DE700C4D6BE /* Sigmoid.metal in Sources */ = {isa = PBXBuildFile; fileRef = 8CB933071CB43DE700C4D6BE /* Sigmoid.metal */; };
		8CB9330C1CB43DF000C4D6BE /* SigmoidLayerTests.swift in Sources */ = {isa = PBXBuildFile; fileRef = 8CB933091CB43DEC00C4D6BE /* SigmoidLayerTests.swift */; };
		8CB9330D1CB43DF100C4D6BE /* SigmoidLayerTests.swift in Sources */ = {isa = PBXBuildFile; fileRef = 8CB933091CB43DEC00C4D6BE /* SigmoidLayerTests.swift */; };
		8CB9330E1CB43DF600C4D6BE /* Sigmoid.metal in Sources */ = {isa = PBXBuildFile; fileRef = 8CB933071CB43DE700C4D6BE /* Sigmoid.metal */; };
		8CB9330F1CB43DF600C4D6BE /* Sigmoid.metal in Sources */ = {isa = PBXBuildFile; fileRef = 8CB933071CB43DE700C4D6BE /* Sigmoid.metal */; };
		8CB933101CB43DF700C4D6BE /* Sigmoid.metal in Sources */ = {isa = PBXBuildFile; fileRef = 8CB933071CB43DE700C4D6BE /* Sigmoid.metal */; };
		8CB933111CB43DF900C4D6BE /* SigmoidLayer.swift in Sources */ = {isa = PBXBuildFile; fileRef = 8CB933051CB43DE100C4D6BE /* SigmoidLayer.swift */; };
/* End PBXBuildFile section */

/* Begin PBXContainerItemProxy section */
		6159F86B1BD1F55D0010F83C /* PBXContainerItemProxy */ = {
			isa = PBXContainerItemProxy;
			containerPortal = 6159F8561BD1F55D0010F83C /* Project object */;
			proxyType = 1;
			remoteGlobalIDString = 6159F85E1BD1F55D0010F83C;
			remoteInfo = BrainCore;
		};
		6159F8891BD1F59F0010F83C /* PBXContainerItemProxy */ = {
			isa = PBXContainerItemProxy;
			containerPortal = 6159F8561BD1F55D0010F83C /* Project object */;
			proxyType = 1;
			remoteGlobalIDString = 6159F87D1BD1F59F0010F83C;
			remoteInfo = BrainCore.iOS;
		};
/* End PBXContainerItemProxy section */

/* Begin PBXFileReference section */
		610AAB8A1BDAF766008CC910 /* InnerProductLayerTests.swift */ = {isa = PBXFileReference; fileEncoding = 4; lastKnownFileType = sourcecode.swift; path = InnerProductLayerTests.swift; sourceTree = "<group>"; };
		610AAB8D1BDAF776008CC910 /* ReLULayerTests.swift */ = {isa = PBXFileReference; fileEncoding = 4; lastKnownFileType = sourcecode.swift; path = ReLULayerTests.swift; sourceTree = "<group>"; };
		6119AC291C6041D20020E0E6 /* Utilities.swift */ = {isa = PBXFileReference; fileEncoding = 4; lastKnownFileType = sourcecode.swift; path = Utilities.swift; sourceTree = "<group>"; };
		6119AC2C1C61266B0020E0E6 /* MetalTestCase.swift */ = {isa = PBXFileReference; fileEncoding = 4; lastKnownFileType = sourcecode.swift; path = MetalTestCase.swift; sourceTree = "<group>"; };
		6119AC2F1C6139900020E0E6 /* LSTMLayer.swift */ = {isa = PBXFileReference; fileEncoding = 4; lastKnownFileType = sourcecode.swift; path = LSTMLayer.swift; sourceTree = "<group>"; };
		6119AC321C61486D0020E0E6 /* LSTM.metal */ = {isa = PBXFileReference; fileEncoding = 4; lastKnownFileType = sourcecode.metal; path = LSTM.metal; sourceTree = "<group>"; };
		6119AC371C616F4F0020E0E6 /* LSTMLayerTests.swift */ = {isa = PBXFileReference; fileEncoding = 4; lastKnownFileType = sourcecode.swift; path = LSTMLayerTests.swift; sourceTree = "<group>"; };
		614197FF1C5FEFB700FB6770 /* InnerProduct.metal */ = {isa = PBXFileReference; fileEncoding = 4; lastKnownFileType = sourcecode.metal; path = InnerProduct.metal; sourceTree = "<group>"; };
		6141B1A91C6BFEBE0074BD8C /* NetBuffer.swift */ = {isa = PBXFileReference; fileEncoding = 4; lastKnownFileType = sourcecode.swift; path = NetBuffer.swift; sourceTree = "<group>"; };
		6141B1AA1C6BFEBE0074BD8C /* NetNode.swift */ = {isa = PBXFileReference; fileEncoding = 4; lastKnownFileType = sourcecode.swift; path = NetNode.swift; sourceTree = "<group>"; };
		6141B1AB1C6BFEBE0074BD8C /* Runner.swift */ = {isa = PBXFileReference; fileEncoding = 4; lastKnownFileType = sourcecode.swift; path = Runner.swift; sourceTree = "<group>"; };
		6141B1AC1C6BFEBE0074BD8C /* RunnerInstance.swift */ = {isa = PBXFileReference; fileEncoding = 4; lastKnownFileType = sourcecode.swift; path = RunnerInstance.swift; sourceTree = "<group>"; };
		6159F85F1BD1F55D0010F83C /* BrainCore.framework */ = {isa = PBXFileReference; explicitFileType = wrapper.framework; includeInIndex = 0; path = BrainCore.framework; sourceTree = BUILT_PRODUCTS_DIR; };
		6159F8691BD1F55D0010F83C /* BrainCoreTests.OSX.xctest */ = {isa = PBXFileReference; explicitFileType = wrapper.cfbundle; includeInIndex = 0; path = BrainCoreTests.OSX.xctest; sourceTree = BUILT_PRODUCTS_DIR; };
		6159F87E1BD1F59F0010F83C /* BrainCore.framework */ = {isa = PBXFileReference; explicitFileType = wrapper.framework; includeInIndex = 0; path = BrainCore.framework; sourceTree = BUILT_PRODUCTS_DIR; };
		6159F8871BD1F59F0010F83C /* BrainCoreTests.iOS.xctest */ = {isa = PBXFileReference; explicitFileType = wrapper.cfbundle; includeInIndex = 0; path = BrainCoreTests.iOS.xctest; sourceTree = BUILT_PRODUCTS_DIR; };
		6159F8971BD1F5CE0010F83C /* BrainCore.h */ = {isa = PBXFileReference; fileEncoding = 4; lastKnownFileType = sourcecode.c.h; path = BrainCore.h; sourceTree = "<group>"; };
		6159F8991BD1F5CE0010F83C /* InnerProductLayer.swift */ = {isa = PBXFileReference; fileEncoding = 4; lastKnownFileType = sourcecode.swift; path = InnerProductLayer.swift; sourceTree = "<group>"; };
		6159F89A1BD1F5CE0010F83C /* Layer.swift */ = {isa = PBXFileReference; fileEncoding = 4; lastKnownFileType = sourcecode.swift; path = Layer.swift; sourceTree = "<group>"; };
		6159F89B1BD1F5CE0010F83C /* ReLULayer.swift */ = {isa = PBXFileReference; fileEncoding = 4; lastKnownFileType = sourcecode.swift; path = ReLULayer.swift; sourceTree = "<group>"; };
		6159F89C1BD1F5CE0010F83C /* Net.swift */ = {isa = PBXFileReference; fileEncoding = 4; lastKnownFileType = sourcecode.swift; path = Net.swift; sourceTree = "<group>"; };
		6159F89E1BD1F5CE0010F83C /* Info.plist */ = {isa = PBXFileReference; fileEncoding = 4; lastKnownFileType = text.plist.xml; path = Info.plist; sourceTree = "<group>"; };
		6159F89F1BD1F5CE0010F83C /* NetTests.swift */ = {isa = PBXFileReference; fileEncoding = 4; lastKnownFileType = sourcecode.swift; path = NetTests.swift; sourceTree = "<group>"; };
		6159F8A01BD1F5CE0010F83C /* Info.plist */ = {isa = PBXFileReference; fileEncoding = 4; lastKnownFileType = text.plist.xml; path = Info.plist; sourceTree = "<group>"; };
		615C96251C5BF91500A1CFD4 /* ReLU.metal */ = {isa = PBXFileReference; fileEncoding = 4; lastKnownFileType = sourcecode.metal; path = ReLU.metal; sourceTree = "<group>"; };
		61CE4BC21BED6F7F000E0D34 /* Upsurge.framework */ = {isa = PBXFileReference; lastKnownFileType = wrapper.framework; path = Upsurge.framework; sourceTree = "<group>"; };
		61CE4BC31BED6F7F000E0D34 /* Upsurge.framework.dSYM */ = {isa = PBXFileReference; lastKnownFileType = wrapper.dsym; path = Upsurge.framework.dSYM; sourceTree = "<group>"; };
		61CE4BC51BED6F7F000E0D34 /* Upsurge.framework */ = {isa = PBXFileReference; lastKnownFileType = wrapper.framework; path = Upsurge.framework; sourceTree = "<group>"; };
		61CE4BC61BED6F7F000E0D34 /* Upsurge.framework.dSYM */ = {isa = PBXFileReference; lastKnownFileType = wrapper.dsym; path = Upsurge.framework.dSYM; sourceTree = "<group>"; };
		8C2A22331CB58E05008291E2 /* TransposeLayer.swift */ = {isa = PBXFileReference; fileEncoding = 4; lastKnownFileType = sourcecode.swift; path = TransposeLayer.swift; sourceTree = "<group>"; };
		8C2A22361CB58E14008291E2 /* Transpose.metal */ = {isa = PBXFileReference; fileEncoding = 4; lastKnownFileType = sourcecode.metal; path = Transpose.metal; sourceTree = "<group>"; };
		8C2A223B1CB58E22008291E2 /* TransposeLayerTests.swift */ = {isa = PBXFileReference; fileEncoding = 4; lastKnownFileType = sourcecode.swift; path = TransposeLayerTests.swift; sourceTree = "<group>"; };
		8C378A7A1CA3406300D1B153 /* Utilities.h */ = {isa = PBXFileReference; fileEncoding = 4; lastKnownFileType = sourcecode.c.h; path = Utilities.h; sourceTree = "<group>"; };
		8CB932EB1CB42F5F00C4D6BE /* L2LossLayer.swift */ = {isa = PBXFileReference; fileEncoding = 4; lastKnownFileType = sourcecode.swift; path = L2LossLayer.swift; sourceTree = "<group>"; };
		8CB932EE1CB42F6B00C4D6BE /* L2Loss.metal */ = {isa = PBXFileReference; fileEncoding = 4; lastKnownFileType = sourcecode.metal; path = L2Loss.metal; sourceTree = "<group>"; };
		8CB932F31CB42F8100C4D6BE /* L2LossLayerTests.swift */ = {isa = PBXFileReference; fileEncoding = 4; lastKnownFileType = sourcecode.swift; path = L2LossLayerTests.swift; sourceTree = "<group>"; };
		8CB933051CB43DE100C4D6BE /* SigmoidLayer.swift */ = {isa = PBXFileReference; fileEncoding = 4; lastKnownFileType = sourcecode.swift; path = SigmoidLayer.swift; sourceTree = "<group>"; };
		8CB933071CB43DE700C4D6BE /* Sigmoid.metal */ = {isa = PBXFileReference; fileEncoding = 4; lastKnownFileType = sourcecode.metal; path = Sigmoid.metal; sourceTree = "<group>"; };
		8CB933091CB43DEC00C4D6BE /* SigmoidLayerTests.swift */ = {isa = PBXFileReference; fileEncoding = 4; lastKnownFileType = sourcecode.swift; path = SigmoidLayerTests.swift; sourceTree = "<group>"; };
/* End PBXFileReference section */

/* Begin PBXFrameworksBuildPhase section */
		6159F85B1BD1F55D0010F83C /* Frameworks */ = {
			isa = PBXFrameworksBuildPhase;
			buildActionMask = 2147483647;
			files = (
				61CE4BCB1BED6F7F000E0D34 /* Upsurge.framework in Frameworks */,
			);
			runOnlyForDeploymentPostprocessing = 0;
		};
		6159F8661BD1F55D0010F83C /* Frameworks */ = {
			isa = PBXFrameworksBuildPhase;
			buildActionMask = 2147483647;
			files = (
				61CE4BD01BED703F000E0D34 /* Upsurge.framework in Frameworks */,
				6159F86A1BD1F55D0010F83C /* BrainCore.framework in Frameworks */,
			);
			runOnlyForDeploymentPostprocessing = 0;
		};
		6159F87A1BD1F59F0010F83C /* Frameworks */ = {
			isa = PBXFrameworksBuildPhase;
			buildActionMask = 2147483647;
			files = (
				61CE4BCE1BED6F90000E0D34 /* Upsurge.framework in Frameworks */,
			);
			runOnlyForDeploymentPostprocessing = 0;
		};
		6159F8841BD1F59F0010F83C /* Frameworks */ = {
			isa = PBXFrameworksBuildPhase;
			buildActionMask = 2147483647;
			files = (
				61CE4BCF1BED703B000E0D34 /* Upsurge.framework in Frameworks */,
				6159F8881BD1F59F0010F83C /* BrainCore.framework in Frameworks */,
			);
			runOnlyForDeploymentPostprocessing = 0;
		};
/* End PBXFrameworksBuildPhase section */

/* Begin PBXGroup section */
		6159F8551BD1F55D0010F83C = {
			isa = PBXGroup;
			children = (
				6159F8A01BD1F5CE0010F83C /* Info.plist */,
				6159F8951BD1F5CE0010F83C /* Source */,
				6159F89D1BD1F5CE0010F83C /* Tests */,
				61CE4BCD1BED6F84000E0D34 /* Dependencies */,
				6159F8601BD1F55D0010F83C /* Products */,
			);
			sourceTree = "<group>";
		};
		6159F8601BD1F55D0010F83C /* Products */ = {
			isa = PBXGroup;
			children = (
				6159F85F1BD1F55D0010F83C /* BrainCore.framework */,
				6159F8691BD1F55D0010F83C /* BrainCoreTests.OSX.xctest */,
				6159F87E1BD1F59F0010F83C /* BrainCore.framework */,
				6159F8871BD1F59F0010F83C /* BrainCoreTests.iOS.xctest */,
			);
			name = Products;
			sourceTree = "<group>";
		};
		6159F8951BD1F5CE0010F83C /* Source */ = {
			isa = PBXGroup;
			children = (
				6159F8971BD1F5CE0010F83C /* BrainCore.h */,
				6159F89C1BD1F5CE0010F83C /* Net.swift */,
				6141B1A91C6BFEBE0074BD8C /* NetBuffer.swift */,
				6141B1AA1C6BFEBE0074BD8C /* NetNode.swift */,
				6141B1AB1C6BFEBE0074BD8C /* Runner.swift */,
				6141B1AC1C6BFEBE0074BD8C /* RunnerInstance.swift */,
				6119AC291C6041D20020E0E6 /* Utilities.swift */,
				6159F8981BD1F5CE0010F83C /* Layers */,
				615C96241C5BF8F700A1CFD4 /* Metal */,
			);
			path = Source;
			sourceTree = "<group>";
		};
		6159F8981BD1F5CE0010F83C /* Layers */ = {
			isa = PBXGroup;
			children = (
				6159F89A1BD1F5CE0010F83C /* Layer.swift */,
				6159F8991BD1F5CE0010F83C /* InnerProductLayer.swift */,
				6119AC2F1C6139900020E0E6 /* LSTMLayer.swift */,
				8CB932EB1CB42F5F00C4D6BE /* L2LossLayer.swift */,
				6159F89B1BD1F5CE0010F83C /* ReLULayer.swift */,
				8CB933051CB43DE100C4D6BE /* SigmoidLayer.swift */,
				8C2A22331CB58E05008291E2 /* TransposeLayer.swift */,
			);
			path = Layers;
			sourceTree = "<group>";
		};
		6159F89D1BD1F5CE0010F83C /* Tests */ = {
			isa = PBXGroup;
			children = (
				6159F89E1BD1F5CE0010F83C /* Info.plist */,
				610AAB8A1BDAF766008CC910 /* InnerProductLayerTests.swift */,
				8CB932F31CB42F8100C4D6BE /* L2LossLayerTests.swift */,
				6119AC2C1C61266B0020E0E6 /* MetalTestCase.swift */,
				6159F89F1BD1F5CE0010F83C /* NetTests.swift */,
				610AAB8D1BDAF776008CC910 /* ReLULayerTests.swift */,
				6119AC371C616F4F0020E0E6 /* LSTMLayerTests.swift */,
				8CB933091CB43DEC00C4D6BE /* SigmoidLayerTests.swift */,
				8C2A223B1CB58E22008291E2 /* TransposeLayerTests.swift */,
			);
			path = Tests;
			sourceTree = "<group>";
		};
		615C96241C5BF8F700A1CFD4 /* Metal */ = {
			isa = PBXGroup;
			children = (
				614197FF1C5FEFB700FB6770 /* InnerProduct.metal */,
				6119AC321C61486D0020E0E6 /* LSTM.metal */,
				8CB932EE1CB42F6B00C4D6BE /* L2Loss.metal */,
				615C96251C5BF91500A1CFD4 /* ReLU.metal */,
				8CB933071CB43DE700C4D6BE /* Sigmoid.metal */,
				8C2A22361CB58E14008291E2 /* Transpose.metal */,
				8C378A7A1CA3406300D1B153 /* Utilities.h */,
			);
			path = Metal;
			sourceTree = "<group>";
		};
		61CE4BBF1BED6F7F000E0D34 /* iOS */ = {
			isa = PBXGroup;
			children = (
				61CE4BC21BED6F7F000E0D34 /* Upsurge.framework */,
				61CE4BC31BED6F7F000E0D34 /* Upsurge.framework.dSYM */,
			);
			name = iOS;
			path = Carthage/Build/iOS;
			sourceTree = "<group>";
		};
		61CE4BC41BED6F7F000E0D34 /* Mac */ = {
			isa = PBXGroup;
			children = (
				61CE4BC51BED6F7F000E0D34 /* Upsurge.framework */,
				61CE4BC61BED6F7F000E0D34 /* Upsurge.framework.dSYM */,
			);
			name = Mac;
			path = Carthage/Build/Mac;
			sourceTree = "<group>";
		};
		61CE4BCD1BED6F84000E0D34 /* Dependencies */ = {
			isa = PBXGroup;
			children = (
				61CE4BBF1BED6F7F000E0D34 /* iOS */,
				61CE4BC41BED6F7F000E0D34 /* Mac */,
			);
			name = Dependencies;
			sourceTree = "<group>";
		};
/* End PBXGroup section */

/* Begin PBXHeadersBuildPhase section */
		6159F85C1BD1F55D0010F83C /* Headers */ = {
			isa = PBXHeadersBuildPhase;
			buildActionMask = 2147483647;
			files = (
				6159F8A21BD1F5CE0010F83C /* BrainCore.h in Headers */,
				8C378A7B1CA3406300D1B153 /* Utilities.h in Headers */,
			);
			runOnlyForDeploymentPostprocessing = 0;
		};
		6159F87B1BD1F59F0010F83C /* Headers */ = {
			isa = PBXHeadersBuildPhase;
			buildActionMask = 2147483647;
			files = (
				6159F8AB1BD1F5DB0010F83C /* BrainCore.h in Headers */,
				8C378A7C1CA3406300D1B153 /* Utilities.h in Headers */,
			);
			runOnlyForDeploymentPostprocessing = 0;
		};
/* End PBXHeadersBuildPhase section */

/* Begin PBXNativeTarget section */
		6159F85E1BD1F55D0010F83C /* BrainCore.OSX */ = {
			isa = PBXNativeTarget;
			buildConfigurationList = 6159F8731BD1F55D0010F83C /* Build configuration list for PBXNativeTarget "BrainCore.OSX" */;
			buildPhases = (
				6159F85A1BD1F55D0010F83C /* Sources */,
				6159F85B1BD1F55D0010F83C /* Frameworks */,
				6159F85C1BD1F55D0010F83C /* Headers */,
				6159F85D1BD1F55D0010F83C /* Resources */,
			);
			buildRules = (
			);
			dependencies = (
			);
			name = BrainCore.OSX;
			productName = BrainCore;
			productReference = 6159F85F1BD1F55D0010F83C /* BrainCore.framework */;
			productType = "com.apple.product-type.framework";
		};
		6159F8681BD1F55D0010F83C /* BrainCoreTests.OSX */ = {
			isa = PBXNativeTarget;
			buildConfigurationList = 6159F8761BD1F55D0010F83C /* Build configuration list for PBXNativeTarget "BrainCoreTests.OSX" */;
			buildPhases = (
				6159F8651BD1F55D0010F83C /* Sources */,
				6159F8661BD1F55D0010F83C /* Frameworks */,
				6159F8671BD1F55D0010F83C /* Resources */,
			);
			buildRules = (
			);
			dependencies = (
				6159F86C1BD1F55D0010F83C /* PBXTargetDependency */,
			);
			name = BrainCoreTests.OSX;
			productName = BrainCoreTests;
			productReference = 6159F8691BD1F55D0010F83C /* BrainCoreTests.OSX.xctest */;
			productType = "com.apple.product-type.bundle.unit-test";
		};
		6159F87D1BD1F59F0010F83C /* BrainCore.iOS */ = {
			isa = PBXNativeTarget;
			buildConfigurationList = 6159F88F1BD1F59F0010F83C /* Build configuration list for PBXNativeTarget "BrainCore.iOS" */;
			buildPhases = (
				6159F8791BD1F59F0010F83C /* Sources */,
				6159F87A1BD1F59F0010F83C /* Frameworks */,
				6159F87B1BD1F59F0010F83C /* Headers */,
				6159F87C1BD1F59F0010F83C /* Resources */,
			);
			buildRules = (
			);
			dependencies = (
			);
			name = BrainCore.iOS;
			productName = BrainCore.iOS;
			productReference = 6159F87E1BD1F59F0010F83C /* BrainCore.framework */;
			productType = "com.apple.product-type.framework";
		};
		6159F8861BD1F59F0010F83C /* BrainCoreTests.iOS */ = {
			isa = PBXNativeTarget;
			buildConfigurationList = 6159F8921BD1F59F0010F83C /* Build configuration list for PBXNativeTarget "BrainCoreTests.iOS" */;
			buildPhases = (
				6159F8831BD1F59F0010F83C /* Sources */,
				6159F8841BD1F59F0010F83C /* Frameworks */,
				6159F8851BD1F59F0010F83C /* Resources */,
			);
			buildRules = (
			);
			dependencies = (
				6159F88A1BD1F59F0010F83C /* PBXTargetDependency */,
			);
			name = BrainCoreTests.iOS;
			productName = BrainCore.iOSTests;
			productReference = 6159F8871BD1F59F0010F83C /* BrainCoreTests.iOS.xctest */;
			productType = "com.apple.product-type.bundle.unit-test";
		};
/* End PBXNativeTarget section */

/* Begin PBXProject section */
		6159F8561BD1F55D0010F83C /* Project object */ = {
			isa = PBXProject;
			attributes = {
				LastUpgradeCheck = 0700;
				ORGANIZATIONNAME = "Venture Media Labs";
				TargetAttributes = {
					6159F85E1BD1F55D0010F83C = {
						CreatedOnToolsVersion = 7.0.1;
					};
					6159F8681BD1F55D0010F83C = {
						CreatedOnToolsVersion = 7.0.1;
					};
					6159F87D1BD1F59F0010F83C = {
						CreatedOnToolsVersion = 7.0.1;
					};
					6159F8861BD1F59F0010F83C = {
						CreatedOnToolsVersion = 7.0.1;
					};
				};
			};
			buildConfigurationList = 6159F8591BD1F55D0010F83C /* Build configuration list for PBXProject "BrainCore" */;
			compatibilityVersion = "Xcode 3.2";
			developmentRegion = English;
			hasScannedForEncodings = 0;
			knownRegions = (
				en,
			);
			mainGroup = 6159F8551BD1F55D0010F83C;
			productRefGroup = 6159F8601BD1F55D0010F83C /* Products */;
			projectDirPath = "";
			projectRoot = "";
			targets = (
				6159F85E1BD1F55D0010F83C /* BrainCore.OSX */,
				6159F8681BD1F55D0010F83C /* BrainCoreTests.OSX */,
				6159F87D1BD1F59F0010F83C /* BrainCore.iOS */,
				6159F8861BD1F59F0010F83C /* BrainCoreTests.iOS */,
			);
		};
/* End PBXProject section */

/* Begin PBXResourcesBuildPhase section */
		6159F85D1BD1F55D0010F83C /* Resources */ = {
			isa = PBXResourcesBuildPhase;
			buildActionMask = 2147483647;
			files = (
			);
			runOnlyForDeploymentPostprocessing = 0;
		};
		6159F8671BD1F55D0010F83C /* Resources */ = {
			isa = PBXResourcesBuildPhase;
			buildActionMask = 2147483647;
			files = (
			);
			runOnlyForDeploymentPostprocessing = 0;
		};
		6159F87C1BD1F59F0010F83C /* Resources */ = {
			isa = PBXResourcesBuildPhase;
			buildActionMask = 2147483647;
			files = (
			);
			runOnlyForDeploymentPostprocessing = 0;
		};
		6159F8851BD1F59F0010F83C /* Resources */ = {
			isa = PBXResourcesBuildPhase;
			buildActionMask = 2147483647;
			files = (
			);
			runOnlyForDeploymentPostprocessing = 0;
		};
/* End PBXResourcesBuildPhase section */

/* Begin PBXSourcesBuildPhase section */
		6159F85A1BD1F55D0010F83C /* Sources */ = {
			isa = PBXSourcesBuildPhase;
			buildActionMask = 2147483647;
			files = (
				614198001C5FEFB700FB6770 /* InnerProduct.metal in Sources */,
				8CB932EF1CB42F6B00C4D6BE /* L2Loss.metal in Sources */,
				6159F8A41BD1F5CE0010F83C /* Layer.swift in Sources */,
				8CB932EC1CB42F5F00C4D6BE /* L2LossLayer.swift in Sources */,
				6119AC331C61486D0020E0E6 /* LSTM.metal in Sources */,
				615C96261C5BF91500A1CFD4 /* ReLU.metal in Sources */,
				8CB933061CB43DE100C4D6BE /* SigmoidLayer.swift in Sources */,
				6159F8A61BD1F5CE0010F83C /* Net.swift in Sources */,
				6141B1AD1C6BFEBE0074BD8C /* NetBuffer.swift in Sources */,
				6159F8A31BD1F5CE0010F83C /* InnerProductLayer.swift in Sources */,
				6119AC2A1C6041D20020E0E6 /* Utilities.swift in Sources */,
				6141B1AE1C6BFEBE0074BD8C /* NetNode.swift in Sources */,
				6141B1B01C6BFEBE0074BD8C /* RunnerInstance.swift in Sources */,
				6141B1AF1C6BFEBE0074BD8C /* Runner.swift in Sources */,
				8CB933081CB43DE700C4D6BE /* Sigmoid.metal in Sources */,
				8C2A22341CB58E05008291E2 /* TransposeLayer.swift in Sources */,
				6159F8A51BD1F5CE0010F83C /* ReLULayer.swift in Sources */,
				8C2A22371CB58E14008291E2 /* Transpose.metal in Sources */,
				6119AC301C6139900020E0E6 /* LSTMLayer.swift in Sources */,
			);
			runOnlyForDeploymentPostprocessing = 0;
		};
		6159F8651BD1F55D0010F83C /* Sources */ = {
			isa = PBXSourcesBuildPhase;
			buildActionMask = 2147483647;
			files = (
				615C96281C5C1C6F00A1CFD4 /* ReLU.metal in Sources */,
				614198031C600BA800FB6770 /* InnerProduct.metal in Sources */,
				610AAB8B1BDAF766008CC910 /* InnerProductLayerTests.swift in Sources */,
				8C2A22381CB58E14008291E2 /* Transpose.metal in Sources */,
				6159F8B11BD1F73D0010F83C /* NetTests.swift in Sources */,
				8C2A223C1CB58E22008291E2 /* TransposeLayerTests.swift in Sources */,
				8CB932F51CB42F8400C4D6BE /* L2LossLayerTests.swift in Sources */,
				610AAB8E1BDAF776008CC910 /* ReLULayerTests.swift in Sources */,
				6119AC2D1C61266B0020E0E6 /* MetalTestCase.swift in Sources */,
				6119AC341C61486D0020E0E6 /* LSTM.metal in Sources */,
				8CB932F01CB42F6F00C4D6BE /* L2Loss.metal in Sources */,
				6119AC381C616F4F0020E0E6 /* LSTMLayerTests.swift in Sources */,
				8CB9330F1CB43DF600C4D6BE /* Sigmoid.metal in Sources */,
				8CB9330C1CB43DF000C4D6BE /* SigmoidLayerTests.swift in Sources */,
			);
			runOnlyForDeploymentPostprocessing = 0;
		};
		6159F8791BD1F59F0010F83C /* Sources */ = {
			isa = PBXSourcesBuildPhase;
			buildActionMask = 2147483647;
			files = (
				8CB933111CB43DF900C4D6BE /* SigmoidLayer.swift in Sources */,
				614198011C5FEFB700FB6770 /* InnerProduct.metal in Sources */,
				8CB932F11CB42F7000C4D6BE /* L2Loss.metal in Sources */,
				615C96271C5BF91500A1CFD4 /* ReLU.metal in Sources */,
				8CB932ED1CB42F6400C4D6BE /* L2LossLayer.swift in Sources */,
				6119AC351C61486D0020E0E6 /* LSTM.metal in Sources */,
				6159F8AD1BD1F5EB0010F83C /* InnerProductLayer.swift in Sources */,
				6159F8AF1BD1F5EB0010F83C /* ReLULayer.swift in Sources */,
				612CE8C21CA9AF2700C260EC /* NetBuffer.swift in Sources */,
				6119AC2B1C6041D20020E0E6 /* Utilities.swift in Sources */,
				6159F8AC1BD1F5E60010F83C /* Net.swift in Sources */,
				8CB9330E1CB43DF600C4D6BE /* Sigmoid.metal in Sources */,
				612CE8C31CA9AF2C00C260EC /* NetNode.swift in Sources */,
				612CE8C51CA9AF3100C260EC /* RunnerInstance.swift in Sources */,
				612CE8C41CA9AF2E00C260EC /* Runner.swift in Sources */,
				8C2A22351CB58E05008291E2 /* TransposeLayer.swift in Sources */,
				6159F8AE1BD1F5EB0010F83C /* Layer.swift in Sources */,
				8C2A22391CB58E14008291E2 /* Transpose.metal in Sources */,
				6119AC311C6139900020E0E6 /* LSTMLayer.swift in Sources */,
			);
			runOnlyForDeploymentPostprocessing = 0;
		};
		6159F8831BD1F59F0010F83C /* Sources */ = {
			isa = PBXSourcesBuildPhase;
			buildActionMask = 2147483647;
			files = (
				610AAB8C1BDAF766008CC910 /* InnerProductLayerTests.swift in Sources */,
				614198041C600BA900FB6770 /* InnerProduct.metal in Sources */,
				6159F8B21BD1F73E0010F83C /* NetTests.swift in Sources */,
				8C2A223A1CB58E14008291E2 /* Transpose.metal in Sources */,
				610AAB8F1BDAF776008CC910 /* ReLULayerTests.swift in Sources */,
				8C2A223D1CB58E22008291E2 /* TransposeLayerTests.swift in Sources */,
				8CB932F61CB42F8500C4D6BE /* L2LossLayerTests.swift in Sources */,
				614198021C600BA600FB6770 /* ReLU.metal in Sources */,
				6119AC2E1C61266B0020E0E6 /* MetalTestCase.swift in Sources */,
				6119AC361C61486D0020E0E6 /* LSTM.metal in Sources */,
				8CB932F21CB42F7100C4D6BE /* L2Loss.metal in Sources */,
				6119AC391C616F4F0020E0E6 /* LSTMLayerTests.swift in Sources */,
				8CB933101CB43DF700C4D6BE /* Sigmoid.metal in Sources */,
				8CB9330D1CB43DF100C4D6BE /* SigmoidLayerTests.swift in Sources */,
			);
			runOnlyForDeploymentPostprocessing = 0;
		};
/* End PBXSourcesBuildPhase section */

/* Begin PBXTargetDependency section */
		6159F86C1BD1F55D0010F83C /* PBXTargetDependency */ = {
			isa = PBXTargetDependency;
			target = 6159F85E1BD1F55D0010F83C /* BrainCore.OSX */;
			targetProxy = 6159F86B1BD1F55D0010F83C /* PBXContainerItemProxy */;
		};
		6159F88A1BD1F59F0010F83C /* PBXTargetDependency */ = {
			isa = PBXTargetDependency;
			target = 6159F87D1BD1F59F0010F83C /* BrainCore.iOS */;
			targetProxy = 6159F8891BD1F59F0010F83C /* PBXContainerItemProxy */;
		};
/* End PBXTargetDependency section */

/* Begin XCBuildConfiguration section */
		6159F8711BD1F55D0010F83C /* Debug */ = {
			isa = XCBuildConfiguration;
			buildSettings = {
				ALWAYS_SEARCH_USER_PATHS = NO;
				CLANG_CXX_LANGUAGE_STANDARD = "gnu++0x";
				CLANG_CXX_LIBRARY = "libc++";
				CLANG_ENABLE_MODULES = YES;
				CLANG_ENABLE_OBJC_ARC = YES;
				CLANG_WARN_BOOL_CONVERSION = YES;
				CLANG_WARN_CONSTANT_CONVERSION = YES;
				CLANG_WARN_DIRECT_OBJC_ISA_USAGE = YES_ERROR;
				CLANG_WARN_EMPTY_BODY = YES;
				CLANG_WARN_ENUM_CONVERSION = YES;
				CLANG_WARN_INT_CONVERSION = YES;
				CLANG_WARN_OBJC_ROOT_CLASS = YES_ERROR;
				CLANG_WARN_UNREACHABLE_CODE = YES;
				CLANG_WARN__DUPLICATE_METHOD_MATCH = YES;
				COPY_PHASE_STRIP = NO;
				CURRENT_PROJECT_VERSION = 1;
				DEBUG_INFORMATION_FORMAT = dwarf;
				ENABLE_STRICT_OBJC_MSGSEND = YES;
				ENABLE_TESTABILITY = YES;
				GCC_C_LANGUAGE_STANDARD = gnu99;
				GCC_DYNAMIC_NO_PIC = NO;
				GCC_NO_COMMON_BLOCKS = YES;
				GCC_OPTIMIZATION_LEVEL = 0;
				GCC_PREPROCESSOR_DEFINITIONS = (
					"DEBUG=1",
					"$(inherited)",
				);
				GCC_WARN_64_TO_32_BIT_CONVERSION = YES;
				GCC_WARN_ABOUT_RETURN_TYPE = YES_ERROR;
				GCC_WARN_UNDECLARED_SELECTOR = YES;
				GCC_WARN_UNINITIALIZED_AUTOS = YES_AGGRESSIVE;
				GCC_WARN_UNUSED_FUNCTION = YES;
				GCC_WARN_UNUSED_VARIABLE = YES;
				IPHONEOS_DEPLOYMENT_TARGET = 8.4;
				MACOSX_DEPLOYMENT_TARGET = 10.10;
				MTL_ENABLE_DEBUG_INFO = YES;
				ONLY_ACTIVE_ARCH = YES;
				SDKROOT = macosx;
				SWIFT_OPTIMIZATION_LEVEL = "-Onone";
				VERSIONING_SYSTEM = "apple-generic";
				VERSION_INFO_PREFIX = "";
			};
			name = Debug;
		};
		6159F8721BD1F55D0010F83C /* Release */ = {
			isa = XCBuildConfiguration;
			buildSettings = {
				ALWAYS_SEARCH_USER_PATHS = NO;
				CLANG_CXX_LANGUAGE_STANDARD = "gnu++0x";
				CLANG_CXX_LIBRARY = "libc++";
				CLANG_ENABLE_MODULES = YES;
				CLANG_ENABLE_OBJC_ARC = YES;
				CLANG_WARN_BOOL_CONVERSION = YES;
				CLANG_WARN_CONSTANT_CONVERSION = YES;
				CLANG_WARN_DIRECT_OBJC_ISA_USAGE = YES_ERROR;
				CLANG_WARN_EMPTY_BODY = YES;
				CLANG_WARN_ENUM_CONVERSION = YES;
				CLANG_WARN_INT_CONVERSION = YES;
				CLANG_WARN_OBJC_ROOT_CLASS = YES_ERROR;
				CLANG_WARN_UNREACHABLE_CODE = YES;
				CLANG_WARN__DUPLICATE_METHOD_MATCH = YES;
				COPY_PHASE_STRIP = NO;
				CURRENT_PROJECT_VERSION = 1;
				DEBUG_INFORMATION_FORMAT = "dwarf-with-dsym";
				ENABLE_NS_ASSERTIONS = NO;
				ENABLE_STRICT_OBJC_MSGSEND = YES;
				GCC_C_LANGUAGE_STANDARD = gnu99;
				GCC_NO_COMMON_BLOCKS = YES;
				GCC_WARN_64_TO_32_BIT_CONVERSION = YES;
				GCC_WARN_ABOUT_RETURN_TYPE = YES_ERROR;
				GCC_WARN_UNDECLARED_SELECTOR = YES;
				GCC_WARN_UNINITIALIZED_AUTOS = YES_AGGRESSIVE;
				GCC_WARN_UNUSED_FUNCTION = YES;
				GCC_WARN_UNUSED_VARIABLE = YES;
				IPHONEOS_DEPLOYMENT_TARGET = 8.4;
				MACOSX_DEPLOYMENT_TARGET = 10.10;
				MTL_ENABLE_DEBUG_INFO = NO;
				SDKROOT = macosx;
				VERSIONING_SYSTEM = "apple-generic";
				VERSION_INFO_PREFIX = "";
			};
			name = Release;
		};
		6159F8741BD1F55D0010F83C /* Debug */ = {
			isa = XCBuildConfiguration;
			buildSettings = {
				COMBINE_HIDPI_IMAGES = YES;
				DEFINES_MODULE = YES;
				DYLIB_COMPATIBILITY_VERSION = 1;
				DYLIB_CURRENT_VERSION = 1;
				DYLIB_INSTALL_NAME_BASE = "@rpath";
				FRAMEWORK_SEARCH_PATHS = (
					"$(inherited)",
					"$(PROJECT_DIR)/Carthage/Build/Mac",
				);
				FRAMEWORK_VERSION = A;
				INFOPLIST_FILE = Info.plist;
				INSTALL_PATH = "$(LOCAL_LIBRARY_DIR)/Frameworks";
				LD_RUNPATH_SEARCH_PATHS = "$(inherited) @executable_path/../Frameworks @loader_path/Frameworks";
				MACOSX_DEPLOYMENT_TARGET = 10.11;
				PRODUCT_BUNDLE_IDENTIFIER = com.venturemedia.BrainCore;
				PRODUCT_NAME = BrainCore;
				SKIP_INSTALL = YES;
			};
			name = Debug;
		};
		6159F8751BD1F55D0010F83C /* Release */ = {
			isa = XCBuildConfiguration;
			buildSettings = {
				COMBINE_HIDPI_IMAGES = YES;
				DEFINES_MODULE = YES;
				DYLIB_COMPATIBILITY_VERSION = 1;
				DYLIB_CURRENT_VERSION = 1;
				DYLIB_INSTALL_NAME_BASE = "@rpath";
				FRAMEWORK_SEARCH_PATHS = (
					"$(inherited)",
					"$(PROJECT_DIR)/Carthage/Build/Mac",
				);
				FRAMEWORK_VERSION = A;
				INFOPLIST_FILE = Info.plist;
				INSTALL_PATH = "$(LOCAL_LIBRARY_DIR)/Frameworks";
				LD_RUNPATH_SEARCH_PATHS = "$(inherited) @executable_path/../Frameworks @loader_path/Frameworks";
				MACOSX_DEPLOYMENT_TARGET = 10.11;
				PRODUCT_BUNDLE_IDENTIFIER = com.venturemedia.BrainCore;
				PRODUCT_NAME = BrainCore;
				SKIP_INSTALL = YES;
			};
			name = Release;
		};
		6159F8771BD1F55D0010F83C /* Debug */ = {
			isa = XCBuildConfiguration;
			buildSettings = {
				COMBINE_HIDPI_IMAGES = YES;
				FRAMEWORK_SEARCH_PATHS = (
					"$(inherited)",
					"$(PROJECT_DIR)/Carthage/Build/Mac",
				);
				INFOPLIST_FILE = Tests/Info.plist;
				LD_RUNPATH_SEARCH_PATHS = "$(inherited) @executable_path/../Frameworks @loader_path/../Frameworks";
				MACOSX_DEPLOYMENT_TARGET = 10.11;
				PRODUCT_BUNDLE_IDENTIFIER = "com.venturemedia.BrainCore-OSXTests";
				PRODUCT_NAME = "$(TARGET_NAME)";
			};
			name = Debug;
		};
		6159F8781BD1F55D0010F83C /* Release */ = {
			isa = XCBuildConfiguration;
			buildSettings = {
				COMBINE_HIDPI_IMAGES = YES;
				FRAMEWORK_SEARCH_PATHS = (
					"$(inherited)",
					"$(PROJECT_DIR)/Carthage/Build/Mac",
				);
				INFOPLIST_FILE = Tests/Info.plist;
				LD_RUNPATH_SEARCH_PATHS = "$(inherited) @executable_path/../Frameworks @loader_path/../Frameworks";
				MACOSX_DEPLOYMENT_TARGET = 10.11;
				PRODUCT_BUNDLE_IDENTIFIER = "com.venturemedia.BrainCore-OSXTests";
				PRODUCT_NAME = "$(TARGET_NAME)";
			};
			name = Release;
		};
		6159F8901BD1F59F0010F83C /* Debug */ = {
			isa = XCBuildConfiguration;
			buildSettings = {
				"CODE_SIGN_IDENTITY[sdk=iphoneos*]" = "iPhone Developer";
				DEFINES_MODULE = YES;
				DYLIB_COMPATIBILITY_VERSION = 1;
				DYLIB_CURRENT_VERSION = 1;
				DYLIB_INSTALL_NAME_BASE = "@rpath";
				FRAMEWORK_SEARCH_PATHS = (
					"$(inherited)",
					"$(PROJECT_DIR)/Carthage/Build/iOS",
				);
				INFOPLIST_FILE = Info.plist;
				INSTALL_PATH = "$(LOCAL_LIBRARY_DIR)/Frameworks";
				LD_RUNPATH_SEARCH_PATHS = "$(inherited) @executable_path/Frameworks @loader_path/Frameworks";
				PRODUCT_BUNDLE_IDENTIFIER = com.venturemedia.BrainCore;
				PRODUCT_NAME = BrainCore;
				SDKROOT = iphoneos;
				SKIP_INSTALL = YES;
				TARGETED_DEVICE_FAMILY = "1,2";
			};
			name = Debug;
		};
		6159F8911BD1F59F0010F83C /* Release */ = {
			isa = XCBuildConfiguration;
			buildSettings = {
				"CODE_SIGN_IDENTITY[sdk=iphoneos*]" = "iPhone Developer";
				DEFINES_MODULE = YES;
				DYLIB_COMPATIBILITY_VERSION = 1;
				DYLIB_CURRENT_VERSION = 1;
				DYLIB_INSTALL_NAME_BASE = "@rpath";
				FRAMEWORK_SEARCH_PATHS = (
					"$(inherited)",
					"$(PROJECT_DIR)/Carthage/Build/iOS",
				);
				INFOPLIST_FILE = Info.plist;
				INSTALL_PATH = "$(LOCAL_LIBRARY_DIR)/Frameworks";
				LD_RUNPATH_SEARCH_PATHS = "$(inherited) @executable_path/Frameworks @loader_path/Frameworks";
				PRODUCT_BUNDLE_IDENTIFIER = com.venturemedia.BrainCore;
				PRODUCT_NAME = BrainCore;
				SDKROOT = iphoneos;
				SKIP_INSTALL = YES;
				TARGETED_DEVICE_FAMILY = "1,2";
				VALIDATE_PRODUCT = YES;
			};
			name = Release;
		};
		6159F8931BD1F59F0010F83C /* Debug */ = {
			isa = XCBuildConfiguration;
			buildSettings = {
				"CODE_SIGN_IDENTITY[sdk=iphoneos*]" = "iPhone Developer";
				FRAMEWORK_SEARCH_PATHS = (
					"$(inherited)",
					"$(PROJECT_DIR)/Carthage/Build/iOS",
				);
				INFOPLIST_FILE = Tests/Info.plist;
				LD_RUNPATH_SEARCH_PATHS = "$(inherited) @executable_path/Frameworks @loader_path/Frameworks";
				PRODUCT_BUNDLE_IDENTIFIER = "com.venturemedia.BrainCore-iOSTests";
				PRODUCT_NAME = "$(TARGET_NAME)";
				SDKROOT = iphoneos;
			};
			name = Debug;
		};
		6159F8941BD1F59F0010F83C /* Release */ = {
			isa = XCBuildConfiguration;
			buildSettings = {
				"CODE_SIGN_IDENTITY[sdk=iphoneos*]" = "iPhone Developer";
				FRAMEWORK_SEARCH_PATHS = (
					"$(inherited)",
					"$(PROJECT_DIR)/Carthage/Build/iOS",
				);
				INFOPLIST_FILE = Tests/Info.plist;
				LD_RUNPATH_SEARCH_PATHS = "$(inherited) @executable_path/Frameworks @loader_path/Frameworks";
				PRODUCT_BUNDLE_IDENTIFIER = "com.venturemedia.BrainCore-iOSTests";
				PRODUCT_NAME = "$(TARGET_NAME)";
				SDKROOT = iphoneos;
				VALIDATE_PRODUCT = YES;
			};
			name = Release;
		};
/* End XCBuildConfiguration section */

/* Begin XCConfigurationList section */
		6159F8591BD1F55D0010F83C /* Build configuration list for PBXProject "BrainCore" */ = {
			isa = XCConfigurationList;
			buildConfigurations = (
				6159F8711BD1F55D0010F83C /* Debug */,
				6159F8721BD1F55D0010F83C /* Release */,
			);
			defaultConfigurationIsVisible = 0;
			defaultConfigurationName = Release;
		};
		6159F8731BD1F55D0010F83C /* Build configuration list for PBXNativeTarget "BrainCore.OSX" */ = {
			isa = XCConfigurationList;
			buildConfigurations = (
				6159F8741BD1F55D0010F83C /* Debug */,
				6159F8751BD1F55D0010F83C /* Release */,
			);
			defaultConfigurationIsVisible = 0;
			defaultConfigurationName = Release;
		};
		6159F8761BD1F55D0010F83C /* Build configuration list for PBXNativeTarget "BrainCoreTests.OSX" */ = {
			isa = XCConfigurationList;
			buildConfigurations = (
				6159F8771BD1F55D0010F83C /* Debug */,
				6159F8781BD1F55D0010F83C /* Release */,
			);
			defaultConfigurationIsVisible = 0;
			defaultConfigurationName = Release;
		};
		6159F88F1BD1F59F0010F83C /* Build configuration list for PBXNativeTarget "BrainCore.iOS" */ = {
			isa = XCConfigurationList;
			buildConfigurations = (
				6159F8901BD1F59F0010F83C /* Debug */,
				6159F8911BD1F59F0010F83C /* Release */,
			);
			defaultConfigurationIsVisible = 0;
			defaultConfigurationName = Release;
		};
		6159F8921BD1F59F0010F83C /* Build configuration list for PBXNativeTarget "BrainCoreTests.iOS" */ = {
			isa = XCConfigurationList;
			buildConfigurations = (
				6159F8931BD1F59F0010F83C /* Debug */,
				6159F8941BD1F59F0010F83C /* Release */,
			);
			defaultConfigurationIsVisible = 0;
			defaultConfigurationName = Release;
		};
/* End XCConfigurationList section */
	};
	rootObject = 6159F8561BD1F55D0010F83C /* Project object */;
}
